// !$*UTF8*$!
{
	archiveVersion = 1;
	classes = {
	};
	objectVersion = 56;
	objects = {

/* Begin PBXBuildFile section */
		DE8C94D92B0A314000B8ED63 /* P18 52-0792 A2.cpp in Sources */ = {isa = PBXBuildFile; fileRef = DE8C94D82B0A314000B8ED63 /* P18 52-0792 A2.cpp */; };
		DE99FC472AD9C39D006E7AB1 /* OpenGL.framework in Frameworks */ = {isa = PBXBuildFile; fileRef = DE99FC462AD9C39D006E7AB1 /* OpenGL.framework */; };
		DE99FC492AD9C3A1006E7AB1 /* GLUT.framework in Frameworks */ = {isa = PBXBuildFile; fileRef = DE99FC482AD9C3A1006E7AB1 /* GLUT.framework */; };
		DE99FC4D2ADC4708006E7AB1 /* Cocoa.framework in Frameworks */ = {isa = PBXBuildFile; fileRef = DE99FC4C2ADC4708006E7AB1 /* Cocoa.framework */; };
/* End PBXBuildFile section */

/* Begin PBXCopyFilesBuildPhase section */
		DE99FC392AD9BF41006E7AB1 /* CopyFiles */ = {
			isa = PBXCopyFilesBuildPhase;
			buildActionMask = 2147483647;
			dstPath = /usr/share/man/man1/;
			dstSubfolderSpec = 0;
			files = (
			);
			runOnlyForDeploymentPostprocessing = 1;
		};
/* End PBXCopyFilesBuildPhase section */

/* Begin PBXFileReference section */
		DE6440582B0BD5B4003F85C4 /* lose.wav */ = {isa = PBXFileReference; lastKnownFileType = audio.wav; path = lose.wav; sourceTree = "<group>"; };
		DE8C94D82B0A314000B8ED63 /* P18 52-0792 A2.cpp */ = {isa = PBXFileReference; fileEncoding = 4; lastKnownFileType = sourcecode.cpp.cpp; path = "P18 52-0792 A2.cpp"; sourceTree = "<group>"; };
		DE8C94DC2B0A32C700B8ED63 /* goal.wav */ = {isa = PBXFileReference; lastKnownFileType = audio.wav; path = goal.wav; sourceTree = "<group>"; };
		DE8C94DD2B0A32C700B8ED63 /* animations.wav */ = {isa = PBXFileReference; lastKnownFileType = audio.wav; path = animations.wav; sourceTree = "<group>"; };
		DE8C94DF2B0A32C700B8ED63 /* running.wav */ = {isa = PBXFileReference; lastKnownFileType = audio.wav; path = running.wav; sourceTree = "<group>"; };
		DE8C94E02B0A32C700B8ED63 /* win.wav */ = {isa = PBXFileReference; lastKnownFileType = audio.wav; path = win.wav; sourceTree = "<group>"; };
		DE8C94E12B0A32C900B8ED63 /* background.wav */ = {isa = PBXFileReference; lastKnownFileType = audio.wav; path = background.wav; sourceTree = "<group>"; };
		DE8C94E22B0A32C900B8ED63 /* menu.wav */ = {isa = PBXFileReference; lastKnownFileType = audio.wav; path = menu.wav; sourceTree = "<group>"; };
		DE8C94E42B0A830900B8ED63 /* jetpack.wav */ = {isa = PBXFileReference; lastKnownFileType = audio.wav; path = jetpack.wav; sourceTree = "<group>"; };
		DE99FC3B2AD9BF41006E7AB1 /* Assignment1 */ = {isa = PBXFileReference; explicitFileType = "compiled.mach-o.executable"; includeInIndex = 0; path = Assignment1; sourceTree = BUILT_PRODUCTS_DIR; };
		DE99FC462AD9C39D006E7AB1 /* OpenGL.framework */ = {isa = PBXFileReference; lastKnownFileType = wrapper.framework; name = OpenGL.framework; path = System/Library/Frameworks/OpenGL.framework; sourceTree = SDKROOT; };
		DE99FC482AD9C3A1006E7AB1 /* GLUT.framework */ = {isa = PBXFileReference; lastKnownFileType = wrapper.framework; name = GLUT.framework; path = System/Library/Frameworks/GLUT.framework; sourceTree = SDKROOT; };
		DE99FC4C2ADC4708006E7AB1 /* Cocoa.framework */ = {isa = PBXFileReference; lastKnownFileType = wrapper.framework; name = Cocoa.framework; path = System/Library/Frameworks/Cocoa.framework; sourceTree = SDKROOT; };
/* End PBXFileReference section */

/* Begin PBXFrameworksBuildPhase section */
		DE99FC382AD9BF41006E7AB1 /* Frameworks */ = {
			isa = PBXFrameworksBuildPhase;
			buildActionMask = 2147483647;
			files = (
				DE99FC492AD9C3A1006E7AB1 /* GLUT.framework in Frameworks */,
				DE99FC472AD9C39D006E7AB1 /* OpenGL.framework in Frameworks */,
				DE99FC4D2ADC4708006E7AB1 /* Cocoa.framework in Frameworks */,
			);
			runOnlyForDeploymentPostprocessing = 0;
		};
/* End PBXFrameworksBuildPhase section */

/* Begin PBXGroup section */
		DE8C94D72B0A311C00B8ED63 /* Assignment2 */ = {
			isa = PBXGroup;
			children = (
				DE8C94DA2B0A329C00B8ED63 /* assets */,
				DE8C94D82B0A314000B8ED63 /* P18 52-0792 A2.cpp */,
			);
			path = Assignment2;
			sourceTree = "<group>";
		};
		DE8C94DA2B0A329C00B8ED63 /* assets */ = {
			isa = PBXGroup;
			children = (
				DE6440582B0BD5B4003F85C4 /* lose.wav */,
				DE8C94E42B0A830900B8ED63 /* jetpack.wav */,
				DE8C94DD2B0A32C700B8ED63 /* animations.wav */,
				DE8C94E12B0A32C900B8ED63 /* background.wav */,
				DE8C94DC2B0A32C700B8ED63 /* goal.wav */,
				DE8C94E22B0A32C900B8ED63 /* menu.wav */,
				DE8C94DF2B0A32C700B8ED63 /* running.wav */,
				DE8C94E02B0A32C700B8ED63 /* win.wav */,
			);
			path = assets;
			sourceTree = "<group>";
		};
		DE99FC322AD9BF41006E7AB1 = {
			isa = PBXGroup;
			children = (
				DE8C94D72B0A311C00B8ED63 /* Assignment2 */,
				DE99FC3C2AD9BF41006E7AB1 /* Products */,
				DE99FC452AD9C39D006E7AB1 /* Frameworks */,
			);
			sourceTree = "<group>";
		};
		DE99FC3C2AD9BF41006E7AB1 /* Products */ = {
			isa = PBXGroup;
			children = (
				DE99FC3B2AD9BF41006E7AB1 /* Assignment1 */,
			);
			name = Products;
			sourceTree = "<group>";
		};
		DE99FC452AD9C39D006E7AB1 /* Frameworks */ = {
			isa = PBXGroup;
			children = (
				DE99FC4C2ADC4708006E7AB1 /* Cocoa.framework */,
				DE99FC482AD9C3A1006E7AB1 /* GLUT.framework */,
				DE99FC462AD9C39D006E7AB1 /* OpenGL.framework */,
			);
			name = Frameworks;
			sourceTree = "<group>";
		};
/* End PBXGroup section */

/* Begin PBXNativeTarget section */
		DE99FC3A2AD9BF41006E7AB1 /* Assignment1 */ = {
			isa = PBXNativeTarget;
			buildConfigurationList = DE99FC422AD9BF41006E7AB1 /* Build configuration list for PBXNativeTarget "Assignment1" */;
			buildPhases = (
				DE99FC372AD9BF41006E7AB1 /* Sources */,
				DE99FC382AD9BF41006E7AB1 /* Frameworks */,
				DE99FC392AD9BF41006E7AB1 /* CopyFiles */,
			);
			buildRules = (
			);
			dependencies = (
			);
			name = Assignment1;
			productName = Assignment1;
			productReference = DE99FC3B2AD9BF41006E7AB1 /* Assignment1 */;
			productType = "com.apple.product-type.tool";
		};
/* End PBXNativeTarget section */

/* Begin PBXProject section */
		DE99FC332AD9BF41006E7AB1 /* Project object */ = {
			isa = PBXProject;
			attributes = {
				BuildIndependentTargetsInParallel = 1;
				LastUpgradeCheck = 1500;
				TargetAttributes = {
					DE99FC3A2AD9BF41006E7AB1 = {
						CreatedOnToolsVersion = 15.0;
					};
				};
			};
			buildConfigurationList = DE99FC362AD9BF41006E7AB1 /* Build configuration list for PBXProject "Assignment2" */;
			compatibilityVersion = "Xcode 14.0";
			developmentRegion = en;
			hasScannedForEncodings = 0;
			knownRegions = (
				en,
				Base,
			);
			mainGroup = DE99FC322AD9BF41006E7AB1;
			productRefGroup = DE99FC3C2AD9BF41006E7AB1 /* Products */;
			projectDirPath = "";
			projectRoot = "";
			targets = (
				DE99FC3A2AD9BF41006E7AB1 /* Assignment1 */,
			);
		};
/* End PBXProject section */

/* Begin PBXSourcesBuildPhase section */
		DE99FC372AD9BF41006E7AB1 /* Sources */ = {
			isa = PBXSourcesBuildPhase;
			buildActionMask = 2147483647;
			files = (
				DE8C94D92B0A314000B8ED63 /* P18 52-0792 A2.cpp in Sources */,
			);
			runOnlyForDeploymentPostprocessing = 0;
		};
/* End PBXSourcesBuildPhase section */

/* Begin XCBuildConfiguration section */
		DE99FC402AD9BF41006E7AB1 /* Debug */ = {
			isa = XCBuildConfiguration;
			buildSettings = {
				ALWAYS_SEARCH_USER_PATHS = NO;
				ASSETCATALOG_COMPILER_GENERATE_SWIFT_ASSET_SYMBOL_EXTENSIONS = YES;
				CLANG_ANALYZER_NONNULL = YES;
				CLANG_ANALYZER_NUMBER_OBJECT_CONVERSION = YES_AGGRESSIVE;
				CLANG_CXX_LANGUAGE_STANDARD = "gnu++20";
				CLANG_ENABLE_MODULES = YES;
				CLANG_ENABLE_OBJC_ARC = YES;
				CLANG_ENABLE_OBJC_WEAK = YES;
				CLANG_WARN_BLOCK_CAPTURE_AUTORELEASING = YES;
				CLANG_WARN_BOOL_CONVERSION = YES;
				CLANG_WARN_COMMA = YES;
				CLANG_WARN_CONSTANT_CONVERSION = YES;
				CLANG_WARN_DEPRECATED_OBJC_IMPLEMENTATIONS = YES;
				CLANG_WARN_DIRECT_OBJC_ISA_USAGE = YES_ERROR;
				CLANG_WARN_DOCUMENTATION_COMMENTS = YES;
				CLANG_WARN_EMPTY_BODY = YES;
				CLANG_WARN_ENUM_CONVERSION = YES;
				CLANG_WARN_INFINITE_RECURSION = YES;
				CLANG_WARN_INT_CONVERSION = YES;
				CLANG_WARN_NON_LITERAL_NULL_CONVERSION = YES;
				CLANG_WARN_OBJC_IMPLICIT_RETAIN_SELF = YES;
				CLANG_WARN_OBJC_LITERAL_CONVERSION = YES;
				CLANG_WARN_OBJC_ROOT_CLASS = YES_ERROR;
				CLANG_WARN_QUOTED_INCLUDE_IN_FRAMEWORK_HEADER = YES;
				CLANG_WARN_RANGE_LOOP_ANALYSIS = YES;
				CLANG_WARN_STRICT_PROTOTYPES = YES;
				CLANG_WARN_SUSPICIOUS_MOVE = YES;
				CLANG_WARN_UNGUARDED_AVAILABILITY = YES_AGGRESSIVE;
				CLANG_WARN_UNREACHABLE_CODE = YES;
				CLANG_WARN__DUPLICATE_METHOD_MATCH = YES;
				COPY_PHASE_STRIP = NO;
				DEBUG_INFORMATION_FORMAT = dwarf;
				ENABLE_STRICT_OBJC_MSGSEND = YES;
				ENABLE_TESTABILITY = YES;
				ENABLE_USER_SCRIPT_SANDBOXING = YES;
				GCC_C_LANGUAGE_STANDARD = gnu17;
				GCC_DYNAMIC_NO_PIC = NO;
				GCC_NO_COMMON_BLOCKS = YES;
				GCC_OPTIMIZATION_LEVEL = 0;
				GCC_PREPROCESSOR_DEFINITIONS = (
					"DEBUG=1",
					"$(inherited)",
				);
				GCC_WARN_64_TO_32_BIT_CONVERSION = YES;
				GCC_WARN_ABOUT_RETURN_TYPE = YES_ERROR;
				GCC_WARN_UNDECLARED_SELECTOR = YES;
				GCC_WARN_UNINITIALIZED_AUTOS = YES_AGGRESSIVE;
				GCC_WARN_UNUSED_FUNCTION = YES;
				GCC_WARN_UNUSED_VARIABLE = YES;
				HEADER_SEARCH_PATHS = "";
				LD_RUNPATH_SEARCH_PATHS = "@executable_path/../Frameworks";
				LOCALIZATION_PREFERS_STRING_CATALOGS = YES;
				MACOSX_DEPLOYMENT_TARGET = 13.5;
				MTL_ENABLE_DEBUG_INFO = INCLUDE_SOURCE;
				MTL_FAST_MATH = YES;
				ONLY_ACTIVE_ARCH = YES;
				OTHER_LDFLAGS = "";
				SDKROOT = macosx;
			};
			name = Debug;
		};
		DE99FC412AD9BF41006E7AB1 /* Release */ = {
			isa = XCBuildConfiguration;
			buildSettings = {
				ALWAYS_SEARCH_USER_PATHS = NO;
				ASSETCATALOG_COMPILER_GENERATE_SWIFT_ASSET_SYMBOL_EXTENSIONS = YES;
				CLANG_ANALYZER_NONNULL = YES;
				CLANG_ANALYZER_NUMBER_OBJECT_CONVERSION = YES_AGGRESSIVE;
				CLANG_CXX_LANGUAGE_STANDARD = "gnu++20";
				CLANG_ENABLE_MODULES = YES;
				CLANG_ENABLE_OBJC_ARC = YES;
				CLANG_ENABLE_OBJC_WEAK = YES;
				CLANG_WARN_BLOCK_CAPTURE_AUTORELEASING = YES;
				CLANG_WARN_BOOL_CONVERSION = YES;
				CLANG_WARN_COMMA = YES;
				CLANG_WARN_CONSTANT_CONVERSION = YES;
				CLANG_WARN_DEPRECATED_OBJC_IMPLEMENTATIONS = YES;
				CLANG_WARN_DIRECT_OBJC_ISA_USAGE = YES_ERROR;
				CLANG_WARN_DOCUMENTATION_COMMENTS = YES;
				CLANG_WARN_EMPTY_BODY = YES;
				CLANG_WARN_ENUM_CONVERSION = YES;
				CLANG_WARN_INFINITE_RECURSION = YES;
				CLANG_WARN_INT_CONVERSION = YES;
				CLANG_WARN_NON_LITERAL_NULL_CONVERSION = YES;
				CLANG_WARN_OBJC_IMPLICIT_RETAIN_SELF = YES;
				CLANG_WARN_OBJC_LITERAL_CONVERSION = YES;
				CLANG_WARN_OBJC_ROOT_CLASS = YES_ERROR;
				CLANG_WARN_QUOTED_INCLUDE_IN_FRAMEWORK_HEADER = YES;
				CLANG_WARN_RANGE_LOOP_ANALYSIS = YES;
				CLANG_WARN_STRICT_PROTOTYPES = YES;
				CLANG_WARN_SUSPICIOUS_MOVE = YES;
				CLANG_WARN_UNGUARDED_AVAILABILITY = YES_AGGRESSIVE;
				CLANG_WARN_UNREACHABLE_CODE = YES;
				CLANG_WARN__DUPLICATE_METHOD_MATCH = YES;
				COPY_PHASE_STRIP = NO;
				DEBUG_INFORMATION_FORMAT = "dwarf-with-dsym";
				ENABLE_NS_ASSERTIONS = NO;
				ENABLE_STRICT_OBJC_MSGSEND = YES;
				ENABLE_USER_SCRIPT_SANDBOXING = YES;
				GCC_C_LANGUAGE_STANDARD = gnu17;
				GCC_NO_COMMON_BLOCKS = YES;
				GCC_WARN_64_TO_32_BIT_CONVERSION = YES;
				GCC_WARN_ABOUT_RETURN_TYPE = YES_ERROR;
				GCC_WARN_UNDECLARED_SELECTOR = YES;
				GCC_WARN_UNINITIALIZED_AUTOS = YES_AGGRESSIVE;
				GCC_WARN_UNUSED_FUNCTION = YES;
				GCC_WARN_UNUSED_VARIABLE = YES;
				HEADER_SEARCH_PATHS = "";
				LD_RUNPATH_SEARCH_PATHS = "@executable_path/../Frameworks";
				LOCALIZATION_PREFERS_STRING_CATALOGS = YES;
				MACOSX_DEPLOYMENT_TARGET = 13.5;
				MTL_ENABLE_DEBUG_INFO = NO;
				MTL_FAST_MATH = YES;
				OTHER_LDFLAGS = "";
				SDKROOT = macosx;
			};
			name = Release;
		};
		DE99FC432AD9BF41006E7AB1 /* Debug */ = {
			isa = XCBuildConfiguration;
			buildSettings = {
				CODE_SIGN_STYLE = Automatic;
				FRAMEWORK_SEARCH_PATHS = (
					"$(inherited)",
					"/opt/homebrew/Cellar/sdl2/2.28.4/**",
					"$(PROJECT_DIR)",
				);
				HEADER_SEARCH_PATHS = (
					"/opt/homebrew/Cellar/sdl2/2.28.4/include/**",
					"/opt/homebrew/Cellar/sdl2_mixer/2.6.3_1/include/**",
				);
				LIBRARY_SEARCH_PATHS = (
					"/opt/homebrew/Cellar/sdl2/2.28.4/lib/**",
					"/opt/homebrew/Cellar/sdl2_mixer/2.6.3_1/lib/**",
				);
				OTHER_LDFLAGS = (
					"-lSDL2",
					"-lSDL2_mixer",
				);
				PRODUCT_NAME = "$(TARGET_NAME)";
			};
			name = Debug;
		};
		DE99FC442AD9BF41006E7AB1 /* Release */ = {
			isa = XCBuildConfiguration;
			buildSettings = {
				CODE_SIGN_STYLE = Automatic;
				FRAMEWORK_SEARCH_PATHS = (
					"$(inherited)",
					"/opt/homebrew/Cellar/sdl2/2.28.4/**",
					"$(PROJECT_DIR)",
				);
				HEADER_SEARCH_PATHS = (
					"/opt/homebrew/Cellar/sdl2/2.28.4/include/**",
					"/opt/homebrew/Cellar/sdl2_mixer/2.6.3_1/include/**",
				);
				LIBRARY_SEARCH_PATHS = (
					"/opt/homebrew/Cellar/sdl2/2.28.4/lib/**",
					"/opt/homebrew/Cellar/sdl2_mixer/2.6.3_1/lib/**",
				);
				OTHER_LDFLAGS = (
					"-lSDL2",
					"-lSDL2_mixer",
				);
				PRODUCT_NAME = "$(TARGET_NAME)";
			};
			name = Release;
		};
/* End XCBuildConfiguration section */

/* Begin XCConfigurationList section */
		DE99FC362AD9BF41006E7AB1 /* Build configuration list for PBXProject "Assignment2" */ = {
			isa = XCConfigurationList;
			buildConfigurations = (
				DE99FC402AD9BF41006E7AB1 /* Debug */,
				DE99FC412AD9BF41006E7AB1 /* Release */,
			);
			defaultConfigurationIsVisible = 0;
			defaultConfigurationName = Release;
		};
		DE99FC422AD9BF41006E7AB1 /* Build configuration list for PBXNativeTarget "Assignment1" */ = {
			isa = XCConfigurationList;
			buildConfigurations = (
				DE99FC432AD9BF41006E7AB1 /* Debug */,
				DE99FC442AD9BF41006E7AB1 /* Release */,
			);
			defaultConfigurationIsVisible = 0;
			defaultConfigurationName = Release;
		};
/* End XCConfigurationList section */
	};
	rootObject = DE99FC332AD9BF41006E7AB1 /* Project object */;
}
